PODS:
  - all_sensors2 (1.0.1):
    - Flutter
  - connectivity_plus (0.0.1):
    - Flutter
    - ReachabilitySwift
  - device_info_plus (0.0.1):
    - Flutter
  - Flutter (1.0.0)
  - image_picker_ios (0.0.1):
    - Flutter
  - light (0.0.1):
    - Flutter
  - package_info_plus (0.4.5):
    - Flutter
  - path_provider_foundation (0.0.1):
    - Flutter
    - FlutterMacOS
  - permission_handler_apple (9.1.1):
    - Flutter
  - ReachabilitySwift (5.0.0)
  - rive_common (0.0.1):
    - Flutter
  - sensors (0.0.1):
    - Flutter
  - sensors_plus (0.0.1):
    - Flutter
  - shared_preferences_foundation (0.0.1):
    - Flutter
    - FlutterMacOS
  - url_launcher_ios (0.0.1):
    - Flutter

DEPENDENCIES:
  - all_sensors2 (from `.symlinks/plugins/all_sensors2/ios`)
  - connectivity_plus (from `.symlinks/plugins/connectivity_plus/ios`)
  - device_info_plus (from `.symlinks/plugins/device_info_plus/ios`)
  - Flutter (from `Flutter`)
  - image_picker_ios (from `.symlinks/plugins/image_picker_ios/ios`)
  - light (from `.symlinks/plugins/light/ios`)
  - package_info_plus (from `.symlinks/plugins/package_info_plus/ios`)
  - path_provider_foundation (from `.symlinks/plugins/path_provider_foundation/darwin`)
  - permission_handler_apple (from `.symlinks/plugins/permission_handler_apple/ios`)
  - rive_common (from `.symlinks/plugins/rive_common/ios`)
  - sensors (from `.symlinks/plugins/sensors/ios`)
  - sensors_plus (from `.symlinks/plugins/sensors_plus/ios`)
  - shared_preferences_foundation (from `.symlinks/plugins/shared_preferences_foundation/darwin`)
  - url_launcher_ios (from `.symlinks/plugins/url_launcher_ios/ios`)

SPEC REPOS:
  trunk:
    - ReachabilitySwift

EXTERNAL SOURCES:
  all_sensors2:
    :path: ".symlinks/plugins/all_sensors2/ios"
  connectivity_plus:
    :path: ".symlinks/plugins/connectivity_plus/ios"
  device_info_plus:
    :path: ".symlinks/plugins/device_info_plus/ios"
  Flutter:
    :path: Flutter
  image_picker_ios:
    :path: ".symlinks/plugins/image_picker_ios/ios"
  light:
    :path: ".symlinks/plugins/light/ios"
  package_info_plus:
    :path: ".symlinks/plugins/package_info_plus/ios"
  path_provider_foundation:
    :path: ".symlinks/plugins/path_provider_foundation/darwin"
  permission_handler_apple:
    :path: ".symlinks/plugins/permission_handler_apple/ios"
  rive_common:
    :path: ".symlinks/plugins/rive_common/ios"
  sensors:
    :path: ".symlinks/plugins/sensors/ios"
  sensors_plus:
    :path: ".symlinks/plugins/sensors_plus/ios"
  shared_preferences_foundation:
    :path: ".symlinks/plugins/shared_preferences_foundation/darwin"
  url_launcher_ios:
    :path: ".symlinks/plugins/url_launcher_ios/ios"

SPEC CHECKSUMS:
  all_sensors2: 5e204ae87a72b554b2df6c4de741c09031b8e64e
  connectivity_plus: bf0076dd84a130856aa636df1c71ccaff908fa1d
  device_info_plus: c6fb39579d0f423935b0c9ce7ee2f44b71b9fce6
  Flutter: e0871f40cf51350855a761d2e70bf5af5b9b5de7
  image_picker_ios: 99dfe1854b4fa34d0364e74a78448a0151025425
  light: 86af7a847d218a9a2376bc1c1ae40c3410441135
  package_info_plus: 115f4ad11e0698c8c1c5d8a689390df880f47e85
  path_provider_foundation: 3784922295ac71e43754bd15e0653ccfd36a147c
  permission_handler_apple: e76247795d700c14ea09e3a2d8855d41ee80a2e6
  ReachabilitySwift: 985039c6f7b23a1da463388634119492ff86c825
  rive_common: 3a4c254c6e4db7e4b9e05daeb3d1f47ae4f7bf76
  sensors: 84eb7a30e47a649e4172b71d6e81be614c280336
  sensors_plus: 42b9de1b8237675fa8d8121e4bb93be0f79fa61d
  shared_preferences_foundation: b4c3b4cddf1c21f02770737f147a3f5da9d39695
  url_launcher_ios: bbd758c6e7f9fd7b5b1d4cde34d2b95fcce5e812

PODFILE CHECKSUM: 819463e6a0290f5a72f145ba7cde16e8b6ef0796

COCOAPODS: 1.14.3
